// !$*UTF8*$!
{
	archiveVersion = 1;
	classes = {
	};
	objectVersion = 51;
	objects = {

/* Begin PBXBuildFile section */
		56DE4516ADBC07E042D3710C /* Pods_LiteNewsTests.framework in Frameworks */ = {isa = PBXBuildFile; fileRef = 9D71AFF06551734BA79F95DB /* Pods_LiteNewsTests.framework */; };
		6A9740EB12E3490975496FD7 /* Pods_LiteNews.framework in Frameworks */ = {isa = PBXBuildFile; fileRef = 0BB49107288307E030D934B9 /* Pods_LiteNews.framework */; };
		9C4CE6D026FCE37A00BB3AA3 /* CategoryTableViewCell.swift in Sources */ = {isa = PBXBuildFile; fileRef = 9C4CE6CF26FCE37A00BB3AA3 /* CategoryTableViewCell.swift */; };
		9C4CE6D226FCE48300BB3AA3 /* ItemCategoryCollectionViewCell.swift in Sources */ = {isa = PBXBuildFile; fileRef = 9C4CE6D126FCE48300BB3AA3 /* ItemCategoryCollectionViewCell.swift */; };
		9CAAC14C26FC259300617F1F /* ApiService.swift in Sources */ = {isa = PBXBuildFile; fileRef = 9CAAC14B26FC259300617F1F /* ApiService.swift */; };
		9CAAC14F26FC27C300617F1F /* HeadlinesBaseModel.swift in Sources */ = {isa = PBXBuildFile; fileRef = 9CAAC14E26FC27C300617F1F /* HeadlinesBaseModel.swift */; };
		9CAAC15126FC27D500617F1F /* ArticleModel.swift in Sources */ = {isa = PBXBuildFile; fileRef = 9CAAC15026FC27D500617F1F /* ArticleModel.swift */; };
		9CAAC15526FC29CC00617F1F /* Constants.swift in Sources */ = {isa = PBXBuildFile; fileRef = 9CAAC15426FC29CC00617F1F /* Constants.swift */; };
		9CAAC15726FC2B9E00617F1F /* Keys.swift in Sources */ = {isa = PBXBuildFile; fileRef = 9CAAC15626FC2B9E00617F1F /* Keys.swift */; };
		9CAAC15926FC33C600617F1F /* APIClient.swift in Sources */ = {isa = PBXBuildFile; fileRef = 9CAAC15826FC33C600617F1F /* APIClient.swift */; };
		9CAAC15B26FC351700617F1F /* APIConfiguration.swift in Sources */ = {isa = PBXBuildFile; fileRef = 9CAAC15A26FC351700617F1F /* APIConfiguration.swift */; };
		9CAAC15D26FC38F200617F1F /* NewsEndpoints.swift in Sources */ = {isa = PBXBuildFile; fileRef = 9CAAC15C26FC38F200617F1F /* NewsEndpoints.swift */; };
		9CAAC15F26FC3A8600617F1F /* HeadlinesRequest.swift in Sources */ = {isa = PBXBuildFile; fileRef = 9CAAC15E26FC3A8600617F1F /* HeadlinesRequest.swift */; };
		9CAAC16126FC3FED00617F1F /* NewsRepository.swift in Sources */ = {isa = PBXBuildFile; fileRef = 9CAAC16026FC3FED00617F1F /* NewsRepository.swift */; };
		9CAAC16426FC4D3B00617F1F /* HomeViewModel.swift in Sources */ = {isa = PBXBuildFile; fileRef = 9CAAC16326FC4D3B00617F1F /* HomeViewModel.swift */; };
		9CAAC16626FC57CC00617F1F /* BaseViewModel.swift in Sources */ = {isa = PBXBuildFile; fileRef = 9CAAC16526FC57CC00617F1F /* BaseViewModel.swift */; };
		9CAF79B926FF2C7B00C8353C /* UIViewController+Extensions.swift in Sources */ = {isa = PBXBuildFile; fileRef = 9CAF79B826FF2C7B00C8353C /* UIViewController+Extensions.swift */; };
		9CAF79BB26FF2C9200C8353C /* UIView+Extensions.swift in Sources */ = {isa = PBXBuildFile; fileRef = 9CAF79BA26FF2C9200C8353C /* UIView+Extensions.swift */; };
		9CF92A6726FB96D000CC6AE1 /* AppDelegate.swift in Sources */ = {isa = PBXBuildFile; fileRef = 9CF92A6626FB96D000CC6AE1 /* AppDelegate.swift */; };
		9CF92A6926FB96D000CC6AE1 /* SceneDelegate.swift in Sources */ = {isa = PBXBuildFile; fileRef = 9CF92A6826FB96D000CC6AE1 /* SceneDelegate.swift */; };
		9CF92A6E26FB96D000CC6AE1 /* Main.storyboard in Resources */ = {isa = PBXBuildFile; fileRef = 9CF92A6C26FB96D000CC6AE1 /* Main.storyboard */; };
		9CF92A7126FB96D000CC6AE1 /* LiteNews.xcdatamodeld in Sources */ = {isa = PBXBuildFile; fileRef = 9CF92A6F26FB96D000CC6AE1 /* LiteNews.xcdatamodeld */; };
		9CF92A7326FB96D200CC6AE1 /* Assets.xcassets in Resources */ = {isa = PBXBuildFile; fileRef = 9CF92A7226FB96D200CC6AE1 /* Assets.xcassets */; };
		9CF92A7626FB96D200CC6AE1 /* LaunchScreen.storyboard in Resources */ = {isa = PBXBuildFile; fileRef = 9CF92A7426FB96D200CC6AE1 /* LaunchScreen.storyboard */; };
		9CF92A8126FB96D200CC6AE1 /* LiteNewsTests.swift in Sources */ = {isa = PBXBuildFile; fileRef = 9CF92A8026FB96D200CC6AE1 /* LiteNewsTests.swift */; };
		9CF92A8C26FB96D200CC6AE1 /* LiteNewsUITests.swift in Sources */ = {isa = PBXBuildFile; fileRef = 9CF92A8B26FB96D200CC6AE1 /* LiteNewsUITests.swift */; };
		9CF92AA126FB9B0000CC6AE1 /* AppTabBarController.swift in Sources */ = {isa = PBXBuildFile; fileRef = 9CF92AA026FB9B0000CC6AE1 /* AppTabBarController.swift */; };
		9CF92AA426FB9B2600CC6AE1 /* HomeViewController.swift in Sources */ = {isa = PBXBuildFile; fileRef = 9CF92AA326FB9B2600CC6AE1 /* HomeViewController.swift */; };
		9CF92AA726FB9B3A00CC6AE1 /* ExploreViewController.swift in Sources */ = {isa = PBXBuildFile; fileRef = 9CF92AA626FB9B3A00CC6AE1 /* ExploreViewController.swift */; };
		9CF92AAA26FB9B4B00CC6AE1 /* FavoriteViewController.swift in Sources */ = {isa = PBXBuildFile; fileRef = 9CF92AA926FB9B4B00CC6AE1 /* FavoriteViewController.swift */; };
		CD94DB3C71414FFA7877248D /* Pods_LiteNews_LiteNewsUITests.framework in Frameworks */ = {isa = PBXBuildFile; fileRef = D377CA44E3A888AB106A38F8 /* Pods_LiteNews_LiteNewsUITests.framework */; };
/* End PBXBuildFile section */

/* Begin PBXContainerItemProxy section */
		9CF92A7D26FB96D200CC6AE1 /* PBXContainerItemProxy */ = {
			isa = PBXContainerItemProxy;
			containerPortal = 9CF92A5B26FB96D000CC6AE1 /* Project object */;
			proxyType = 1;
			remoteGlobalIDString = 9CF92A6226FB96D000CC6AE1;
			remoteInfo = LiteNews;
		};
		9CF92A8826FB96D200CC6AE1 /* PBXContainerItemProxy */ = {
			isa = PBXContainerItemProxy;
			containerPortal = 9CF92A5B26FB96D000CC6AE1 /* Project object */;
			proxyType = 1;
			remoteGlobalIDString = 9CF92A6226FB96D000CC6AE1;
			remoteInfo = LiteNews;
		};
/* End PBXContainerItemProxy section */

/* Begin PBXFileReference section */
		0BB49107288307E030D934B9 /* Pods_LiteNews.framework */ = {isa = PBXFileReference; explicitFileType = wrapper.framework; includeInIndex = 0; path = Pods_LiteNews.framework; sourceTree = BUILT_PRODUCTS_DIR; };
		1734A9BF3C5A9F69F3AF090B /* Pods-LiteNewsTests.debug.xcconfig */ = {isa = PBXFileReference; includeInIndex = 1; lastKnownFileType = text.xcconfig; name = "Pods-LiteNewsTests.debug.xcconfig"; path = "Target Support Files/Pods-LiteNewsTests/Pods-LiteNewsTests.debug.xcconfig"; sourceTree = "<group>"; };
		735DE0AF50E77D22E31D84DA /* Pods-LiteNews.debug.xcconfig */ = {isa = PBXFileReference; includeInIndex = 1; lastKnownFileType = text.xcconfig; name = "Pods-LiteNews.debug.xcconfig"; path = "Target Support Files/Pods-LiteNews/Pods-LiteNews.debug.xcconfig"; sourceTree = "<group>"; };
		8636EE3BB7995D31F00525A7 /* Pods-LiteNewsTests.release.xcconfig */ = {isa = PBXFileReference; includeInIndex = 1; lastKnownFileType = text.xcconfig; name = "Pods-LiteNewsTests.release.xcconfig"; path = "Target Support Files/Pods-LiteNewsTests/Pods-LiteNewsTests.release.xcconfig"; sourceTree = "<group>"; };
		9C4CE6CF26FCE37A00BB3AA3 /* CategoryTableViewCell.swift */ = {isa = PBXFileReference; lastKnownFileType = sourcecode.swift; path = CategoryTableViewCell.swift; sourceTree = "<group>"; };
		9C4CE6D126FCE48300BB3AA3 /* ItemCategoryCollectionViewCell.swift */ = {isa = PBXFileReference; lastKnownFileType = sourcecode.swift; path = ItemCategoryCollectionViewCell.swift; sourceTree = "<group>"; };
		9CAAC14B26FC259300617F1F /* ApiService.swift */ = {isa = PBXFileReference; lastKnownFileType = sourcecode.swift; path = ApiService.swift; sourceTree = "<group>"; };
		9CAAC14E26FC27C300617F1F /* HeadlinesBaseModel.swift */ = {isa = PBXFileReference; lastKnownFileType = sourcecode.swift; path = HeadlinesBaseModel.swift; sourceTree = "<group>"; };
		9CAAC15026FC27D500617F1F /* ArticleModel.swift */ = {isa = PBXFileReference; lastKnownFileType = sourcecode.swift; path = ArticleModel.swift; sourceTree = "<group>"; };
		9CAAC15426FC29CC00617F1F /* Constants.swift */ = {isa = PBXFileReference; lastKnownFileType = sourcecode.swift; path = Constants.swift; sourceTree = "<group>"; };
		9CAAC15626FC2B9E00617F1F /* Keys.swift */ = {isa = PBXFileReference; lastKnownFileType = sourcecode.swift; path = Keys.swift; sourceTree = "<group>"; };
		9CAAC15826FC33C600617F1F /* APIClient.swift */ = {isa = PBXFileReference; lastKnownFileType = sourcecode.swift; path = APIClient.swift; sourceTree = "<group>"; };
		9CAAC15A26FC351700617F1F /* APIConfiguration.swift */ = {isa = PBXFileReference; lastKnownFileType = sourcecode.swift; path = APIConfiguration.swift; sourceTree = "<group>"; };
		9CAAC15C26FC38F200617F1F /* NewsEndpoints.swift */ = {isa = PBXFileReference; lastKnownFileType = sourcecode.swift; path = NewsEndpoints.swift; sourceTree = "<group>"; };
		9CAAC15E26FC3A8600617F1F /* HeadlinesRequest.swift */ = {isa = PBXFileReference; lastKnownFileType = sourcecode.swift; path = HeadlinesRequest.swift; sourceTree = "<group>"; };
		9CAAC16026FC3FED00617F1F /* NewsRepository.swift */ = {isa = PBXFileReference; lastKnownFileType = sourcecode.swift; path = NewsRepository.swift; sourceTree = "<group>"; };
		9CAAC16326FC4D3B00617F1F /* HomeViewModel.swift */ = {isa = PBXFileReference; lastKnownFileType = sourcecode.swift; path = HomeViewModel.swift; sourceTree = "<group>"; };
		9CAAC16526FC57CC00617F1F /* BaseViewModel.swift */ = {isa = PBXFileReference; lastKnownFileType = sourcecode.swift; path = BaseViewModel.swift; sourceTree = "<group>"; };
		9CAF79B826FF2C7B00C8353C /* UIViewController+Extensions.swift */ = {isa = PBXFileReference; lastKnownFileType = sourcecode.swift; path = "UIViewController+Extensions.swift"; sourceTree = "<group>"; };
		9CAF79BA26FF2C9200C8353C /* UIView+Extensions.swift */ = {isa = PBXFileReference; lastKnownFileType = sourcecode.swift; path = "UIView+Extensions.swift"; sourceTree = "<group>"; };
		9CF92A6326FB96D000CC6AE1 /* LiteNews.app */ = {isa = PBXFileReference; explicitFileType = wrapper.application; includeInIndex = 0; path = LiteNews.app; sourceTree = BUILT_PRODUCTS_DIR; };
		9CF92A6626FB96D000CC6AE1 /* AppDelegate.swift */ = {isa = PBXFileReference; lastKnownFileType = sourcecode.swift; path = AppDelegate.swift; sourceTree = "<group>"; };
		9CF92A6826FB96D000CC6AE1 /* SceneDelegate.swift */ = {isa = PBXFileReference; lastKnownFileType = sourcecode.swift; path = SceneDelegate.swift; sourceTree = "<group>"; };
		9CF92A6D26FB96D000CC6AE1 /* Base */ = {isa = PBXFileReference; lastKnownFileType = file.storyboard; name = Base; path = Base.lproj/Main.storyboard; sourceTree = "<group>"; };
		9CF92A7026FB96D000CC6AE1 /* LiteNews.xcdatamodel */ = {isa = PBXFileReference; lastKnownFileType = wrapper.xcdatamodel; path = LiteNews.xcdatamodel; sourceTree = "<group>"; };
		9CF92A7226FB96D200CC6AE1 /* Assets.xcassets */ = {isa = PBXFileReference; lastKnownFileType = folder.assetcatalog; path = Assets.xcassets; sourceTree = "<group>"; };
		9CF92A7526FB96D200CC6AE1 /* Base */ = {isa = PBXFileReference; lastKnownFileType = file.storyboard; name = Base; path = Base.lproj/LaunchScreen.storyboard; sourceTree = "<group>"; };
		9CF92A7726FB96D200CC6AE1 /* Info.plist */ = {isa = PBXFileReference; lastKnownFileType = text.plist.xml; path = Info.plist; sourceTree = "<group>"; };
		9CF92A7C26FB96D200CC6AE1 /* LiteNewsTests.xctest */ = {isa = PBXFileReference; explicitFileType = wrapper.cfbundle; includeInIndex = 0; path = LiteNewsTests.xctest; sourceTree = BUILT_PRODUCTS_DIR; };
		9CF92A8026FB96D200CC6AE1 /* LiteNewsTests.swift */ = {isa = PBXFileReference; lastKnownFileType = sourcecode.swift; path = LiteNewsTests.swift; sourceTree = "<group>"; };
		9CF92A8226FB96D200CC6AE1 /* Info.plist */ = {isa = PBXFileReference; lastKnownFileType = text.plist.xml; path = Info.plist; sourceTree = "<group>"; };
		9CF92A8726FB96D200CC6AE1 /* LiteNewsUITests.xctest */ = {isa = PBXFileReference; explicitFileType = wrapper.cfbundle; includeInIndex = 0; path = LiteNewsUITests.xctest; sourceTree = BUILT_PRODUCTS_DIR; };
		9CF92A8B26FB96D200CC6AE1 /* LiteNewsUITests.swift */ = {isa = PBXFileReference; lastKnownFileType = sourcecode.swift; path = LiteNewsUITests.swift; sourceTree = "<group>"; };
		9CF92A8D26FB96D200CC6AE1 /* Info.plist */ = {isa = PBXFileReference; lastKnownFileType = text.plist.xml; path = Info.plist; sourceTree = "<group>"; };
		9CF92AA026FB9B0000CC6AE1 /* AppTabBarController.swift */ = {isa = PBXFileReference; lastKnownFileType = sourcecode.swift; path = AppTabBarController.swift; sourceTree = "<group>"; };
		9CF92AA326FB9B2600CC6AE1 /* HomeViewController.swift */ = {isa = PBXFileReference; lastKnownFileType = sourcecode.swift; path = HomeViewController.swift; sourceTree = "<group>"; };
		9CF92AA626FB9B3A00CC6AE1 /* ExploreViewController.swift */ = {isa = PBXFileReference; lastKnownFileType = sourcecode.swift; path = ExploreViewController.swift; sourceTree = "<group>"; };
		9CF92AA926FB9B4B00CC6AE1 /* FavoriteViewController.swift */ = {isa = PBXFileReference; lastKnownFileType = sourcecode.swift; path = FavoriteViewController.swift; sourceTree = "<group>"; };
		9D71AFF06551734BA79F95DB /* Pods_LiteNewsTests.framework */ = {isa = PBXFileReference; explicitFileType = wrapper.framework; includeInIndex = 0; path = Pods_LiteNewsTests.framework; sourceTree = BUILT_PRODUCTS_DIR; };
		A32F3B066C5EDBE02222A614 /* Pods-LiteNews-LiteNewsUITests.release.xcconfig */ = {isa = PBXFileReference; includeInIndex = 1; lastKnownFileType = text.xcconfig; name = "Pods-LiteNews-LiteNewsUITests.release.xcconfig"; path = "Target Support Files/Pods-LiteNews-LiteNewsUITests/Pods-LiteNews-LiteNewsUITests.release.xcconfig"; sourceTree = "<group>"; };
		B3F0E5AC9A52C7A31BA5CC97 /* Pods-LiteNews-LiteNewsUITests.debug.xcconfig */ = {isa = PBXFileReference; includeInIndex = 1; lastKnownFileType = text.xcconfig; name = "Pods-LiteNews-LiteNewsUITests.debug.xcconfig"; path = "Target Support Files/Pods-LiteNews-LiteNewsUITests/Pods-LiteNews-LiteNewsUITests.debug.xcconfig"; sourceTree = "<group>"; };
		D377CA44E3A888AB106A38F8 /* Pods_LiteNews_LiteNewsUITests.framework */ = {isa = PBXFileReference; explicitFileType = wrapper.framework; includeInIndex = 0; path = Pods_LiteNews_LiteNewsUITests.framework; sourceTree = BUILT_PRODUCTS_DIR; };
		DE5572A8B8F9977F1A71BD5D /* Pods-LiteNews.release.xcconfig */ = {isa = PBXFileReference; includeInIndex = 1; lastKnownFileType = text.xcconfig; name = "Pods-LiteNews.release.xcconfig"; path = "Target Support Files/Pods-LiteNews/Pods-LiteNews.release.xcconfig"; sourceTree = "<group>"; };
/* End PBXFileReference section */

/* Begin PBXFrameworksBuildPhase section */
		9CF92A6026FB96D000CC6AE1 /* Frameworks */ = {
			isa = PBXFrameworksBuildPhase;
			buildActionMask = 2147483647;
			files = (
				6A9740EB12E3490975496FD7 /* Pods_LiteNews.framework in Frameworks */,
			);
			runOnlyForDeploymentPostprocessing = 0;
		};
		9CF92A7926FB96D200CC6AE1 /* Frameworks */ = {
			isa = PBXFrameworksBuildPhase;
			buildActionMask = 2147483647;
			files = (
				56DE4516ADBC07E042D3710C /* Pods_LiteNewsTests.framework in Frameworks */,
			);
			runOnlyForDeploymentPostprocessing = 0;
		};
		9CF92A8426FB96D200CC6AE1 /* Frameworks */ = {
			isa = PBXFrameworksBuildPhase;
			buildActionMask = 2147483647;
			files = (
				CD94DB3C71414FFA7877248D /* Pods_LiteNews_LiteNewsUITests.framework in Frameworks */,
			);
			runOnlyForDeploymentPostprocessing = 0;
		};
/* End PBXFrameworksBuildPhase section */

/* Begin PBXGroup section */
		2C61E49028159B7AC965342E /* Frameworks */ = {
			isa = PBXGroup;
			children = (
				0BB49107288307E030D934B9 /* Pods_LiteNews.framework */,
				D377CA44E3A888AB106A38F8 /* Pods_LiteNews_LiteNewsUITests.framework */,
				9D71AFF06551734BA79F95DB /* Pods_LiteNewsTests.framework */,
			);
			name = Frameworks;
			sourceTree = "<group>";
		};
		9C4CE6CE26FCE34B00BB3AA3 /* Components */ = {
			isa = PBXGroup;
			children = (
			);
			path = Components;
			sourceTree = "<group>";
		};
		9CAAC14A26FC258400617F1F /* Services */ = {
			isa = PBXGroup;
			children = (
				9CAAC14B26FC259300617F1F /* ApiService.swift */,
				9CAAC15826FC33C600617F1F /* APIClient.swift */,
				9CAAC15A26FC351700617F1F /* APIConfiguration.swift */,
				9CAAC15C26FC38F200617F1F /* NewsEndpoints.swift */,
				9CAAC16026FC3FED00617F1F /* NewsRepository.swift */,
			);
			path = Services;
			sourceTree = "<group>";
		};
		9CAAC14D26FC27B800617F1F /* Models */ = {
			isa = PBXGroup;
			children = (
				9CAAC14E26FC27C300617F1F /* HeadlinesBaseModel.swift */,
				9CAAC15026FC27D500617F1F /* ArticleModel.swift */,
				9CAAC15E26FC3A8600617F1F /* HeadlinesRequest.swift */,
			);
			path = Models;
			sourceTree = "<group>";
		};
		9CAAC15326FC29C200617F1F /* Data */ = {
			isa = PBXGroup;
			children = (
				9CAAC15426FC29CC00617F1F /* Constants.swift */,
				9CAAC15626FC2B9E00617F1F /* Keys.swift */,
			);
			path = Data;
			sourceTree = "<group>";
		};
		9CAAC16226FC4D2600617F1F /* ViewModels */ = {
			isa = PBXGroup;
			children = (
				9CAAC16326FC4D3B00617F1F /* HomeViewModel.swift */,
			);
			path = ViewModels;
			sourceTree = "<group>";
		};
		9CAF79B726FF2C6100C8353C /* Extensions */ = {
			isa = PBXGroup;
			children = (
				9CAF79B826FF2C7B00C8353C /* UIViewController+Extensions.swift */,
				9CAF79BA26FF2C9200C8353C /* UIView+Extensions.swift */,
			);
			path = Extensions;
			sourceTree = "<group>";
		};
		9CF92A5A26FB96D000CC6AE1 = {
			isa = PBXGroup;
			children = (
				9CF92A6526FB96D000CC6AE1 /* LiteNews */,
				9CF92A7F26FB96D200CC6AE1 /* LiteNewsTests */,
				9CF92A8A26FB96D200CC6AE1 /* LiteNewsUITests */,
				9CF92A6426FB96D000CC6AE1 /* Products */,
				EC0EB60DBF44D09FCF735986 /* Pods */,
				2C61E49028159B7AC965342E /* Frameworks */,
			);
			sourceTree = "<group>";
		};
		9CF92A6426FB96D000CC6AE1 /* Products */ = {
			isa = PBXGroup;
			children = (
				9CF92A6326FB96D000CC6AE1 /* LiteNews.app */,
				9CF92A7C26FB96D200CC6AE1 /* LiteNewsTests.xctest */,
				9CF92A8726FB96D200CC6AE1 /* LiteNewsUITests.xctest */,
			);
			name = Products;
			sourceTree = "<group>";
		};
		9CF92A6526FB96D000CC6AE1 /* LiteNews */ = {
			isa = PBXGroup;
			children = (
				9CAF79B726FF2C6100C8353C /* Extensions */,
				9CAAC15326FC29C200617F1F /* Data */,
				9CAAC14A26FC258400617F1F /* Services */,
				9CF92A9C26FB9A8F00CC6AE1 /* Resources */,
				9CF92A9B26FB9A8400CC6AE1 /* Base */,
				9CF92A9A26FB9A7F00CC6AE1 /* App */,
				9CF92A9926FB9A6C00CC6AE1 /* Menu */,
				9CF92A6C26FB96D000CC6AE1 /* Main.storyboard */,
				9CF92A7426FB96D200CC6AE1 /* LaunchScreen.storyboard */,
				9CF92A7726FB96D200CC6AE1 /* Info.plist */,
				9CF92A6F26FB96D000CC6AE1 /* LiteNews.xcdatamodeld */,
			);
			path = LiteNews;
			sourceTree = "<group>";
		};
		9CF92A7F26FB96D200CC6AE1 /* LiteNewsTests */ = {
			isa = PBXGroup;
			children = (
				9CF92A8026FB96D200CC6AE1 /* LiteNewsTests.swift */,
				9CF92A8226FB96D200CC6AE1 /* Info.plist */,
			);
			path = LiteNewsTests;
			sourceTree = "<group>";
		};
		9CF92A8A26FB96D200CC6AE1 /* LiteNewsUITests */ = {
			isa = PBXGroup;
			children = (
				9CF92A8B26FB96D200CC6AE1 /* LiteNewsUITests.swift */,
				9CF92A8D26FB96D200CC6AE1 /* Info.plist */,
			);
			path = LiteNewsUITests;
			sourceTree = "<group>";
		};
		9CF92A9926FB9A6C00CC6AE1 /* Menu */ = {
			isa = PBXGroup;
			children = (
				9CF92A9F26FB9AA900CC6AE1 /* Favorite */,
				9CF92A9E26FB9AA400CC6AE1 /* Explore */,
				9CF92A9D26FB9A9E00CC6AE1 /* Home */,
			);
			path = Menu;
			sourceTree = "<group>";
		};
		9CF92A9A26FB9A7F00CC6AE1 /* App */ = {
			isa = PBXGroup;
			children = (
				9CF92A6626FB96D000CC6AE1 /* AppDelegate.swift */,
				9CF92A6826FB96D000CC6AE1 /* SceneDelegate.swift */,
				9CF92AA026FB9B0000CC6AE1 /* AppTabBarController.swift */,
			);
			path = App;
			sourceTree = "<group>";
		};
		9CF92A9B26FB9A8400CC6AE1 /* Base */ = {
			isa = PBXGroup;
			children = (
				9CAAC16526FC57CC00617F1F /* BaseViewModel.swift */,
			);
			path = Base;
			sourceTree = "<group>";
		};
		9CF92A9C26FB9A8F00CC6AE1 /* Resources */ = {
			isa = PBXGroup;
			children = (
				9CF92A7226FB96D200CC6AE1 /* Assets.xcassets */,
			);
			path = Resources;
			sourceTree = "<group>";
		};
		9CF92A9D26FB9A9E00CC6AE1 /* Home */ = {
			isa = PBXGroup;
			children = (
				9CAAC16226FC4D2600617F1F /* ViewModels */,
				9CAAC14D26FC27B800617F1F /* Models */,
				9CF92AA226FB9B1100CC6AE1 /* Views */,
			);
			path = Home;
			sourceTree = "<group>";
		};
		9CF92A9E26FB9AA400CC6AE1 /* Explore */ = {
			isa = PBXGroup;
			children = (
				9CF92AA526FB9B3000CC6AE1 /* Views */,
			);
			path = Explore;
			sourceTree = "<group>";
		};
		9CF92A9F26FB9AA900CC6AE1 /* Favorite */ = {
			isa = PBXGroup;
			children = (
				9CF92AA826FB9B3D00CC6AE1 /* Views */,
			);
			path = Favorite;
			sourceTree = "<group>";
		};
		9CF92AA226FB9B1100CC6AE1 /* Views */ = {
			isa = PBXGroup;
			children = (
				9C4CE6CE26FCE34B00BB3AA3 /* Components */,
				9CF92AA326FB9B2600CC6AE1 /* HomeViewController.swift */,
				9C4CE6CF26FCE37A00BB3AA3 /* CategoryTableViewCell.swift */,
				9C4CE6D126FCE48300BB3AA3 /* ItemCategoryCollectionViewCell.swift */,
			);
			path = Views;
			sourceTree = "<group>";
		};
		9CF92AA526FB9B3000CC6AE1 /* Views */ = {
			isa = PBXGroup;
			children = (
				9CF92AA626FB9B3A00CC6AE1 /* ExploreViewController.swift */,
			);
			path = Views;
			sourceTree = "<group>";
		};
		9CF92AA826FB9B3D00CC6AE1 /* Views */ = {
			isa = PBXGroup;
			children = (
				9CF92AA926FB9B4B00CC6AE1 /* FavoriteViewController.swift */,
			);
			path = Views;
			sourceTree = "<group>";
		};
		EC0EB60DBF44D09FCF735986 /* Pods */ = {
			isa = PBXGroup;
			children = (
				735DE0AF50E77D22E31D84DA /* Pods-LiteNews.debug.xcconfig */,
				DE5572A8B8F9977F1A71BD5D /* Pods-LiteNews.release.xcconfig */,
				B3F0E5AC9A52C7A31BA5CC97 /* Pods-LiteNews-LiteNewsUITests.debug.xcconfig */,
				A32F3B066C5EDBE02222A614 /* Pods-LiteNews-LiteNewsUITests.release.xcconfig */,
				1734A9BF3C5A9F69F3AF090B /* Pods-LiteNewsTests.debug.xcconfig */,
				8636EE3BB7995D31F00525A7 /* Pods-LiteNewsTests.release.xcconfig */,
			);
			path = Pods;
			sourceTree = "<group>";
		};
/* End PBXGroup section */

/* Begin PBXNativeTarget section */
		9CF92A6226FB96D000CC6AE1 /* LiteNews */ = {
			isa = PBXNativeTarget;
			buildConfigurationList = 9CF92A9026FB96D200CC6AE1 /* Build configuration list for PBXNativeTarget "LiteNews" */;
			buildPhases = (
				62AC9F7E7EBE7FFACDEFD6D9 /* [CP] Check Pods Manifest.lock */,
				9CF92A5F26FB96D000CC6AE1 /* Sources */,
				9CF92A6026FB96D000CC6AE1 /* Frameworks */,
				9CF92A6126FB96D000CC6AE1 /* Resources */,
				84A37D109D62B71E88E764E7 /* [CP] Embed Pods Frameworks */,
			);
			buildRules = (
			);
			dependencies = (
			);
			name = LiteNews;
			productName = LiteNews;
			productReference = 9CF92A6326FB96D000CC6AE1 /* LiteNews.app */;
			productType = "com.apple.product-type.application";
		};
		9CF92A7B26FB96D200CC6AE1 /* LiteNewsTests */ = {
			isa = PBXNativeTarget;
			buildConfigurationList = 9CF92A9326FB96D200CC6AE1 /* Build configuration list for PBXNativeTarget "LiteNewsTests" */;
			buildPhases = (
				CD46C42168827F08CFF78407 /* [CP] Check Pods Manifest.lock */,
				9CF92A7826FB96D200CC6AE1 /* Sources */,
				9CF92A7926FB96D200CC6AE1 /* Frameworks */,
				9CF92A7A26FB96D200CC6AE1 /* Resources */,
			);
			buildRules = (
			);
			dependencies = (
				9CF92A7E26FB96D200CC6AE1 /* PBXTargetDependency */,
			);
			name = LiteNewsTests;
			productName = LiteNewsTests;
			productReference = 9CF92A7C26FB96D200CC6AE1 /* LiteNewsTests.xctest */;
			productType = "com.apple.product-type.bundle.unit-test";
		};
		9CF92A8626FB96D200CC6AE1 /* LiteNewsUITests */ = {
			isa = PBXNativeTarget;
			buildConfigurationList = 9CF92A9626FB96D200CC6AE1 /* Build configuration list for PBXNativeTarget "LiteNewsUITests" */;
			buildPhases = (
				2FD732EE534DC73A1720F181 /* [CP] Check Pods Manifest.lock */,
				9CF92A8326FB96D200CC6AE1 /* Sources */,
				9CF92A8426FB96D200CC6AE1 /* Frameworks */,
				9CF92A8526FB96D200CC6AE1 /* Resources */,
				53D16D51EAB6AC9295C881E2 /* [CP] Embed Pods Frameworks */,
			);
			buildRules = (
			);
			dependencies = (
				9CF92A8926FB96D200CC6AE1 /* PBXTargetDependency */,
			);
			name = LiteNewsUITests;
			productName = LiteNewsUITests;
			productReference = 9CF92A8726FB96D200CC6AE1 /* LiteNewsUITests.xctest */;
			productType = "com.apple.product-type.bundle.ui-testing";
		};
/* End PBXNativeTarget section */

/* Begin PBXProject section */
		9CF92A5B26FB96D000CC6AE1 /* Project object */ = {
			isa = PBXProject;
			attributes = {
				LastSwiftUpdateCheck = 1250;
				LastUpgradeCheck = 1250;
				TargetAttributes = {
					9CF92A6226FB96D000CC6AE1 = {
						CreatedOnToolsVersion = 12.5.1;
					};
					9CF92A7B26FB96D200CC6AE1 = {
						CreatedOnToolsVersion = 12.5.1;
						TestTargetID = 9CF92A6226FB96D000CC6AE1;
					};
					9CF92A8626FB96D200CC6AE1 = {
						CreatedOnToolsVersion = 12.5.1;
						TestTargetID = 9CF92A6226FB96D000CC6AE1;
					};
				};
			};
			buildConfigurationList = 9CF92A5E26FB96D000CC6AE1 /* Build configuration list for PBXProject "LiteNews" */;
			compatibilityVersion = "Xcode 9.3";
			developmentRegion = en;
			hasScannedForEncodings = 0;
			knownRegions = (
				en,
				Base,
			);
			mainGroup = 9CF92A5A26FB96D000CC6AE1;
			productRefGroup = 9CF92A6426FB96D000CC6AE1 /* Products */;
			projectDirPath = "";
			projectRoot = "";
			targets = (
				9CF92A6226FB96D000CC6AE1 /* LiteNews */,
				9CF92A7B26FB96D200CC6AE1 /* LiteNewsTests */,
				9CF92A8626FB96D200CC6AE1 /* LiteNewsUITests */,
			);
		};
/* End PBXProject section */

/* Begin PBXResourcesBuildPhase section */
		9CF92A6126FB96D000CC6AE1 /* Resources */ = {
			isa = PBXResourcesBuildPhase;
			buildActionMask = 2147483647;
			files = (
				9CF92A7626FB96D200CC6AE1 /* LaunchScreen.storyboard in Resources */,
				9CF92A7326FB96D200CC6AE1 /* Assets.xcassets in Resources */,
				9CF92A6E26FB96D000CC6AE1 /* Main.storyboard in Resources */,
			);
			runOnlyForDeploymentPostprocessing = 0;
		};
		9CF92A7A26FB96D200CC6AE1 /* Resources */ = {
			isa = PBXResourcesBuildPhase;
			buildActionMask = 2147483647;
			files = (
			);
			runOnlyForDeploymentPostprocessing = 0;
		};
		9CF92A8526FB96D200CC6AE1 /* Resources */ = {
			isa = PBXResourcesBuildPhase;
			buildActionMask = 2147483647;
			files = (
			);
			runOnlyForDeploymentPostprocessing = 0;
		};
/* End PBXResourcesBuildPhase section */

/* Begin PBXShellScriptBuildPhase section */
		2FD732EE534DC73A1720F181 /* [CP] Check Pods Manifest.lock */ = {
			isa = PBXShellScriptBuildPhase;
			buildActionMask = 2147483647;
			files = (
			);
			inputFileListPaths = (
			);
			inputPaths = (
				"${PODS_PODFILE_DIR_PATH}/Podfile.lock",
				"${PODS_ROOT}/Manifest.lock",
			);
			name = "[CP] Check Pods Manifest.lock";
			outputFileListPaths = (
			);
			outputPaths = (
				"$(DERIVED_FILE_DIR)/Pods-LiteNews-LiteNewsUITests-checkManifestLockResult.txt",
			);
			runOnlyForDeploymentPostprocessing = 0;
			shellPath = /bin/sh;
			shellScript = "diff \"${PODS_PODFILE_DIR_PATH}/Podfile.lock\" \"${PODS_ROOT}/Manifest.lock\" > /dev/null\nif [ $? != 0 ] ; then\n    # print error to STDERR\n    echo \"error: The sandbox is not in sync with the Podfile.lock. Run 'pod install' or update your CocoaPods installation.\" >&2\n    exit 1\nfi\n# This output is used by Xcode 'outputs' to avoid re-running this script phase.\necho \"SUCCESS\" > \"${SCRIPT_OUTPUT_FILE_0}\"\n";
			showEnvVarsInLog = 0;
		};
		53D16D51EAB6AC9295C881E2 /* [CP] Embed Pods Frameworks */ = {
			isa = PBXShellScriptBuildPhase;
			buildActionMask = 2147483647;
			files = (
			);
			inputFileListPaths = (
				"${PODS_ROOT}/Target Support Files/Pods-LiteNews-LiteNewsUITests/Pods-LiteNews-LiteNewsUITests-frameworks-${CONFIGURATION}-input-files.xcfilelist",
			);
			name = "[CP] Embed Pods Frameworks";
			outputFileListPaths = (
				"${PODS_ROOT}/Target Support Files/Pods-LiteNews-LiteNewsUITests/Pods-LiteNews-LiteNewsUITests-frameworks-${CONFIGURATION}-output-files.xcfilelist",
			);
			runOnlyForDeploymentPostprocessing = 0;
			shellPath = /bin/sh;
			shellScript = "\"${PODS_ROOT}/Target Support Files/Pods-LiteNews-LiteNewsUITests/Pods-LiteNews-LiteNewsUITests-frameworks.sh\"\n";
			showEnvVarsInLog = 0;
		};
		62AC9F7E7EBE7FFACDEFD6D9 /* [CP] Check Pods Manifest.lock */ = {
			isa = PBXShellScriptBuildPhase;
			buildActionMask = 2147483647;
			files = (
			);
			inputFileListPaths = (
			);
			inputPaths = (
				"${PODS_PODFILE_DIR_PATH}/Podfile.lock",
				"${PODS_ROOT}/Manifest.lock",
			);
			name = "[CP] Check Pods Manifest.lock";
			outputFileListPaths = (
			);
			outputPaths = (
				"$(DERIVED_FILE_DIR)/Pods-LiteNews-checkManifestLockResult.txt",
			);
			runOnlyForDeploymentPostprocessing = 0;
			shellPath = /bin/sh;
			shellScript = "diff \"${PODS_PODFILE_DIR_PATH}/Podfile.lock\" \"${PODS_ROOT}/Manifest.lock\" > /dev/null\nif [ $? != 0 ] ; then\n    # print error to STDERR\n    echo \"error: The sandbox is not in sync with the Podfile.lock. Run 'pod install' or update your CocoaPods installation.\" >&2\n    exit 1\nfi\n# This output is used by Xcode 'outputs' to avoid re-running this script phase.\necho \"SUCCESS\" > \"${SCRIPT_OUTPUT_FILE_0}\"\n";
			showEnvVarsInLog = 0;
		};
		84A37D109D62B71E88E764E7 /* [CP] Embed Pods Frameworks */ = {
			isa = PBXShellScriptBuildPhase;
			buildActionMask = 2147483647;
			files = (
			);
			inputFileListPaths = (
				"${PODS_ROOT}/Target Support Files/Pods-LiteNews/Pods-LiteNews-frameworks-${CONFIGURATION}-input-files.xcfilelist",
			);
			name = "[CP] Embed Pods Frameworks";
			outputFileListPaths = (
				"${PODS_ROOT}/Target Support Files/Pods-LiteNews/Pods-LiteNews-frameworks-${CONFIGURATION}-output-files.xcfilelist",
			);
			runOnlyForDeploymentPostprocessing = 0;
			shellPath = /bin/sh;
			shellScript = "\"${PODS_ROOT}/Target Support Files/Pods-LiteNews/Pods-LiteNews-frameworks.sh\"\n";
			showEnvVarsInLog = 0;
		};
		CD46C42168827F08CFF78407 /* [CP] Check Pods Manifest.lock */ = {
			isa = PBXShellScriptBuildPhase;
			buildActionMask = 2147483647;
			files = (
			);
			inputFileListPaths = (
			);
			inputPaths = (
				"${PODS_PODFILE_DIR_PATH}/Podfile.lock",
				"${PODS_ROOT}/Manifest.lock",
			);
			name = "[CP] Check Pods Manifest.lock";
			outputFileListPaths = (
			);
			outputPaths = (
				"$(DERIVED_FILE_DIR)/Pods-LiteNewsTests-checkManifestLockResult.txt",
			);
			runOnlyForDeploymentPostprocessing = 0;
			shellPath = /bin/sh;
			shellScript = "diff \"${PODS_PODFILE_DIR_PATH}/Podfile.lock\" \"${PODS_ROOT}/Manifest.lock\" > /dev/null\nif [ $? != 0 ] ; then\n    # print error to STDERR\n    echo \"error: The sandbox is not in sync with the Podfile.lock. Run 'pod install' or update your CocoaPods installation.\" >&2\n    exit 1\nfi\n# This output is used by Xcode 'outputs' to avoid re-running this script phase.\necho \"SUCCESS\" > \"${SCRIPT_OUTPUT_FILE_0}\"\n";
			showEnvVarsInLog = 0;
		};
/* End PBXShellScriptBuildPhase section */

/* Begin PBXSourcesBuildPhase section */
		9CF92A5F26FB96D000CC6AE1 /* Sources */ = {
			isa = PBXSourcesBuildPhase;
			buildActionMask = 2147483647;
			files = (
				9CF92AA426FB9B2600CC6AE1 /* HomeViewController.swift in Sources */,
				9CAAC16426FC4D3B00617F1F /* HomeViewModel.swift in Sources */,
				9CAAC15726FC2B9E00617F1F /* Keys.swift in Sources */,
				9CAAC15526FC29CC00617F1F /* Constants.swift in Sources */,
				9CAAC14F26FC27C300617F1F /* HeadlinesBaseModel.swift in Sources */,
				9CF92A7126FB96D000CC6AE1 /* LiteNews.xcdatamodeld in Sources */,
				9CAF79B926FF2C7B00C8353C /* UIViewController+Extensions.swift in Sources */,
				9CAAC15B26FC351700617F1F /* APIConfiguration.swift in Sources */,
				9CAAC15D26FC38F200617F1F /* NewsEndpoints.swift in Sources */,
				9C4CE6D226FCE48300BB3AA3 /* ItemCategoryCollectionViewCell.swift in Sources */,
				9CAAC15F26FC3A8600617F1F /* HeadlinesRequest.swift in Sources */,
				9CF92AA726FB9B3A00CC6AE1 /* ExploreViewController.swift in Sources */,
				9CF92AAA26FB9B4B00CC6AE1 /* FavoriteViewController.swift in Sources */,
				9CAF79BB26FF2C9200C8353C /* UIView+Extensions.swift in Sources */,
				9CF92A6726FB96D000CC6AE1 /* AppDelegate.swift in Sources */,
				9CAAC15126FC27D500617F1F /* ArticleModel.swift in Sources */,
				9CAAC16126FC3FED00617F1F /* NewsRepository.swift in Sources */,
				9CAAC16626FC57CC00617F1F /* BaseViewModel.swift in Sources */,
				9C4CE6D026FCE37A00BB3AA3 /* CategoryTableViewCell.swift in Sources */,
				9CAAC15926FC33C600617F1F /* APIClient.swift in Sources */,
				9CF92AA126FB9B0000CC6AE1 /* AppTabBarController.swift in Sources */,
				9CAAC14C26FC259300617F1F /* ApiService.swift in Sources */,
				9CF92A6926FB96D000CC6AE1 /* SceneDelegate.swift in Sources */,
			);
			runOnlyForDeploymentPostprocessing = 0;
		};
		9CF92A7826FB96D200CC6AE1 /* Sources */ = {
			isa = PBXSourcesBuildPhase;
			buildActionMask = 2147483647;
			files = (
				9CF92A8126FB96D200CC6AE1 /* LiteNewsTests.swift in Sources */,
			);
			runOnlyForDeploymentPostprocessing = 0;
		};
		9CF92A8326FB96D200CC6AE1 /* Sources */ = {
			isa = PBXSourcesBuildPhase;
			buildActionMask = 2147483647;
			files = (
				9CF92A8C26FB96D200CC6AE1 /* LiteNewsUITests.swift in Sources */,
			);
			runOnlyForDeploymentPostprocessing = 0;
		};
/* End PBXSourcesBuildPhase section */

/* Begin PBXTargetDependency section */
		9CF92A7E26FB96D200CC6AE1 /* PBXTargetDependency */ = {
			isa = PBXTargetDependency;
			target = 9CF92A6226FB96D000CC6AE1 /* LiteNews */;
			targetProxy = 9CF92A7D26FB96D200CC6AE1 /* PBXContainerItemProxy */;
		};
		9CF92A8926FB96D200CC6AE1 /* PBXTargetDependency */ = {
			isa = PBXTargetDependency;
			target = 9CF92A6226FB96D000CC6AE1 /* LiteNews */;
			targetProxy = 9CF92A8826FB96D200CC6AE1 /* PBXContainerItemProxy */;
		};
/* End PBXTargetDependency section */

/* Begin PBXVariantGroup section */
		9CF92A6C26FB96D000CC6AE1 /* Main.storyboard */ = {
			isa = PBXVariantGroup;
			children = (
				9CF92A6D26FB96D000CC6AE1 /* Base */,
			);
			name = Main.storyboard;
			sourceTree = "<group>";
		};
		9CF92A7426FB96D200CC6AE1 /* LaunchScreen.storyboard */ = {
			isa = PBXVariantGroup;
			children = (
				9CF92A7526FB96D200CC6AE1 /* Base */,
			);
			name = LaunchScreen.storyboard;
			sourceTree = "<group>";
		};
/* End PBXVariantGroup section */

/* Begin XCBuildConfiguration section */
		9CF92A8E26FB96D200CC6AE1 /* Debug */ = {
			isa = XCBuildConfiguration;
			buildSettings = {
				ALWAYS_SEARCH_USER_PATHS = NO;
				CLANG_ANALYZER_NONNULL = YES;
				CLANG_ANALYZER_NUMBER_OBJECT_CONVERSION = YES_AGGRESSIVE;
				CLANG_CXX_LANGUAGE_STANDARD = "gnu++14";
				CLANG_CXX_LIBRARY = "libc++";
				CLANG_ENABLE_MODULES = YES;
				CLANG_ENABLE_OBJC_ARC = YES;
				CLANG_ENABLE_OBJC_WEAK = YES;
				CLANG_WARN_BLOCK_CAPTURE_AUTORELEASING = YES;
				CLANG_WARN_BOOL_CONVERSION = YES;
				CLANG_WARN_COMMA = YES;
				CLANG_WARN_CONSTANT_CONVERSION = YES;
				CLANG_WARN_DEPRECATED_OBJC_IMPLEMENTATIONS = YES;
				CLANG_WARN_DIRECT_OBJC_ISA_USAGE = YES_ERROR;
				CLANG_WARN_DOCUMENTATION_COMMENTS = YES;
				CLANG_WARN_EMPTY_BODY = YES;
				CLANG_WARN_ENUM_CONVERSION = YES;
				CLANG_WARN_INFINITE_RECURSION = YES;
				CLANG_WARN_INT_CONVERSION = YES;
				CLANG_WARN_NON_LITERAL_NULL_CONVERSION = YES;
				CLANG_WARN_OBJC_IMPLICIT_RETAIN_SELF = YES;
				CLANG_WARN_OBJC_LITERAL_CONVERSION = YES;
				CLANG_WARN_OBJC_ROOT_CLASS = YES_ERROR;
				CLANG_WARN_QUOTED_INCLUDE_IN_FRAMEWORK_HEADER = YES;
				CLANG_WARN_RANGE_LOOP_ANALYSIS = YES;
				CLANG_WARN_STRICT_PROTOTYPES = YES;
				CLANG_WARN_SUSPICIOUS_MOVE = YES;
				CLANG_WARN_UNGUARDED_AVAILABILITY = YES_AGGRESSIVE;
				CLANG_WARN_UNREACHABLE_CODE = YES;
				CLANG_WARN__DUPLICATE_METHOD_MATCH = YES;
				COPY_PHASE_STRIP = NO;
				DEBUG_INFORMATION_FORMAT = dwarf;
				ENABLE_STRICT_OBJC_MSGSEND = YES;
				ENABLE_TESTABILITY = YES;
				GCC_C_LANGUAGE_STANDARD = gnu11;
				GCC_DYNAMIC_NO_PIC = NO;
				GCC_NO_COMMON_BLOCKS = YES;
				GCC_OPTIMIZATION_LEVEL = 0;
				GCC_PREPROCESSOR_DEFINITIONS = (
					"DEBUG=1",
					"$(inherited)",
				);
				GCC_WARN_64_TO_32_BIT_CONVERSION = YES;
				GCC_WARN_ABOUT_RETURN_TYPE = YES_ERROR;
				GCC_WARN_UNDECLARED_SELECTOR = YES;
				GCC_WARN_UNINITIALIZED_AUTOS = YES_AGGRESSIVE;
				GCC_WARN_UNUSED_FUNCTION = YES;
				GCC_WARN_UNUSED_VARIABLE = YES;
				IPHONEOS_DEPLOYMENT_TARGET = 13.0;
				MTL_ENABLE_DEBUG_INFO = INCLUDE_SOURCE;
				MTL_FAST_MATH = YES;
				ONLY_ACTIVE_ARCH = YES;
				SDKROOT = iphoneos;
				SWIFT_ACTIVE_COMPILATION_CONDITIONS = DEBUG;
				SWIFT_OPTIMIZATION_LEVEL = "-Onone";
			};
			name = Debug;
		};
		9CF92A8F26FB96D200CC6AE1 /* Release */ = {
			isa = XCBuildConfiguration;
			buildSettings = {
				ALWAYS_SEARCH_USER_PATHS = NO;
				CLANG_ANALYZER_NONNULL = YES;
				CLANG_ANALYZER_NUMBER_OBJECT_CONVERSION = YES_AGGRESSIVE;
				CLANG_CXX_LANGUAGE_STANDARD = "gnu++14";
				CLANG_CXX_LIBRARY = "libc++";
				CLANG_ENABLE_MODULES = YES;
				CLANG_ENABLE_OBJC_ARC = YES;
				CLANG_ENABLE_OBJC_WEAK = YES;
				CLANG_WARN_BLOCK_CAPTURE_AUTORELEASING = YES;
				CLANG_WARN_BOOL_CONVERSION = YES;
				CLANG_WARN_COMMA = YES;
				CLANG_WARN_CONSTANT_CONVERSION = YES;
				CLANG_WARN_DEPRECATED_OBJC_IMPLEMENTATIONS = YES;
				CLANG_WARN_DIRECT_OBJC_ISA_USAGE = YES_ERROR;
				CLANG_WARN_DOCUMENTATION_COMMENTS = YES;
				CLANG_WARN_EMPTY_BODY = YES;
				CLANG_WARN_ENUM_CONVERSION = YES;
				CLANG_WARN_INFINITE_RECURSION = YES;
				CLANG_WARN_INT_CONVERSION = YES;
				CLANG_WARN_NON_LITERAL_NULL_CONVERSION = YES;
				CLANG_WARN_OBJC_IMPLICIT_RETAIN_SELF = YES;
				CLANG_WARN_OBJC_LITERAL_CONVERSION = YES;
				CLANG_WARN_OBJC_ROOT_CLASS = YES_ERROR;
				CLANG_WARN_QUOTED_INCLUDE_IN_FRAMEWORK_HEADER = YES;
				CLANG_WARN_RANGE_LOOP_ANALYSIS = YES;
				CLANG_WARN_STRICT_PROTOTYPES = YES;
				CLANG_WARN_SUSPICIOUS_MOVE = YES;
				CLANG_WARN_UNGUARDED_AVAILABILITY = YES_AGGRESSIVE;
				CLANG_WARN_UNREACHABLE_CODE = YES;
				CLANG_WARN__DUPLICATE_METHOD_MATCH = YES;
				COPY_PHASE_STRIP = NO;
				DEBUG_INFORMATION_FORMAT = "dwarf-with-dsym";
				ENABLE_NS_ASSERTIONS = NO;
				ENABLE_STRICT_OBJC_MSGSEND = YES;
				GCC_C_LANGUAGE_STANDARD = gnu11;
				GCC_NO_COMMON_BLOCKS = YES;
				GCC_WARN_64_TO_32_BIT_CONVERSION = YES;
				GCC_WARN_ABOUT_RETURN_TYPE = YES_ERROR;
				GCC_WARN_UNDECLARED_SELECTOR = YES;
				GCC_WARN_UNINITIALIZED_AUTOS = YES_AGGRESSIVE;
				GCC_WARN_UNUSED_FUNCTION = YES;
				GCC_WARN_UNUSED_VARIABLE = YES;
				IPHONEOS_DEPLOYMENT_TARGET = 13.0;
				MTL_ENABLE_DEBUG_INFO = NO;
				MTL_FAST_MATH = YES;
				SDKROOT = iphoneos;
				SWIFT_COMPILATION_MODE = wholemodule;
				SWIFT_OPTIMIZATION_LEVEL = "-O";
				VALIDATE_PRODUCT = YES;
			};
			name = Release;
		};
		9CF92A9126FB96D200CC6AE1 /* Debug */ = {
			isa = XCBuildConfiguration;
			baseConfigurationReference = 735DE0AF50E77D22E31D84DA /* Pods-LiteNews.debug.xcconfig */;
			buildSettings = {
				ASSETCATALOG_COMPILER_APPICON_NAME = AppIcon;
				ASSETCATALOG_COMPILER_GLOBAL_ACCENT_COLOR_NAME = AccentColor;
				CODE_SIGN_STYLE = Automatic;
				DEVELOPMENT_TEAM = 3VL5UA77DJ;
				INFOPLIST_FILE = LiteNews/Info.plist;
				IPHONEOS_DEPLOYMENT_TARGET = 13.0;
				LD_RUNPATH_SEARCH_PATHS = (
					"$(inherited)",
					"@executable_path/Frameworks",
				);
				PRODUCT_BUNDLE_IDENTIFIER = com.anugrahdev.LiteNews;
				PRODUCT_NAME = "$(TARGET_NAME)";
				SWIFT_VERSION = 5.0;
				TARGETED_DEVICE_FAMILY = 1;
			};
			name = Debug;
		};
		9CF92A9226FB96D200CC6AE1 /* Release */ = {
			isa = XCBuildConfiguration;
			baseConfigurationReference = DE5572A8B8F9977F1A71BD5D /* Pods-LiteNews.release.xcconfig */;
			buildSettings = {
				ASSETCATALOG_COMPILER_APPICON_NAME = AppIcon;
				ASSETCATALOG_COMPILER_GLOBAL_ACCENT_COLOR_NAME = AccentColor;
				CODE_SIGN_STYLE = Automatic;
				DEVELOPMENT_TEAM = 3VL5UA77DJ;
				INFOPLIST_FILE = LiteNews/Info.plist;
				IPHONEOS_DEPLOYMENT_TARGET = 13.0;
				LD_RUNPATH_SEARCH_PATHS = (
					"$(inherited)",
					"@executable_path/Frameworks",
				);
				PRODUCT_BUNDLE_IDENTIFIER = com.anugrahdev.LiteNews;
				PRODUCT_NAME = "$(TARGET_NAME)";
				SWIFT_VERSION = 5.0;
				TARGETED_DEVICE_FAMILY = 1;
			};
			name = Release;
		};
		9CF92A9426FB96D200CC6AE1 /* Debug */ = {
			isa = XCBuildConfiguration;
			baseConfigurationReference = 1734A9BF3C5A9F69F3AF090B /* Pods-LiteNewsTests.debug.xcconfig */;
			buildSettings = {
				ALWAYS_EMBED_SWIFT_STANDARD_LIBRARIES = YES;
				BUNDLE_LOADER = "$(TEST_HOST)";
				CODE_SIGN_STYLE = Automatic;
				DEVELOPMENT_TEAM = 3VL5UA77DJ;
				INFOPLIST_FILE = LiteNewsTests/Info.plist;
				IPHONEOS_DEPLOYMENT_TARGET = 14.5;
				LD_RUNPATH_SEARCH_PATHS = (
					"$(inherited)",
					"@executable_path/Frameworks",
					"@loader_path/Frameworks",
				);
				PRODUCT_BUNDLE_IDENTIFIER = com.anugrahdev.LiteNewsTests;
				PRODUCT_NAME = "$(TARGET_NAME)";
				SWIFT_VERSION = 5.0;
				TARGETED_DEVICE_FAMILY = "1,2";
				TEST_HOST = "$(BUILT_PRODUCTS_DIR)/LiteNews.app/LiteNews";
			};
			name = Debug;
		};
		9CF92A9526FB96D200CC6AE1 /* Release */ = {
			isa = XCBuildConfiguration;
			baseConfigurationReference = 8636EE3BB7995D31F00525A7 /* Pods-LiteNewsTests.release.xcconfig */;
			buildSettings = {
				ALWAYS_EMBED_SWIFT_STANDARD_LIBRARIES = YES;
				BUNDLE_LOADER = "$(TEST_HOST)";
				CODE_SIGN_STYLE = Automatic;
				DEVELOPMENT_TEAM = 3VL5UA77DJ;
				INFOPLIST_FILE = LiteNewsTests/Info.plist;
				IPHONEOS_DEPLOYMENT_TARGET = 14.5;
				LD_RUNPATH_SEARCH_PATHS = (
					"$(inherited)",
					"@executable_path/Frameworks",
					"@loader_path/Frameworks",
				);
				PRODUCT_BUNDLE_IDENTIFIER = com.anugrahdev.LiteNewsTests;
				PRODUCT_NAME = "$(TARGET_NAME)";
				SWIFT_VERSION = 5.0;
				TARGETED_DEVICE_FAMILY = "1,2";
				TEST_HOST = "$(BUILT_PRODUCTS_DIR)/LiteNews.app/LiteNews";
			};
			name = Release;
		};
		9CF92A9726FB96D200CC6AE1 /* Debug */ = {
			isa = XCBuildConfiguration;
			baseConfigurationReference = B3F0E5AC9A52C7A31BA5CC97 /* Pods-LiteNews-LiteNewsUITests.debug.xcconfig */;
			buildSettings = {
				ALWAYS_EMBED_SWIFT_STANDARD_LIBRARIES = YES;
				CODE_SIGN_STYLE = Automatic;
				DEVELOPMENT_TEAM = 3VL5UA77DJ;
				INFOPLIST_FILE = LiteNewsUITests/Info.plist;
				LD_RUNPATH_SEARCH_PATHS = (
					"$(inherited)",
					"@executable_path/Frameworks",
					"@loader_path/Frameworks",
				);
				PRODUCT_BUNDLE_IDENTIFIER = com.anugrahdev.LiteNewsUITests;
				PRODUCT_NAME = "$(TARGET_NAME)";
				SWIFT_VERSION = 5.0;
				TARGETED_DEVICE_FAMILY = "1,2";
				TEST_TARGET_NAME = LiteNews;
			};
			name = Debug;
		};
		9CF92A9826FB96D200CC6AE1 /* Release */ = {
			isa = XCBuildConfiguration;
			baseConfigurationReference = A32F3B066C5EDBE02222A614 /* Pods-LiteNews-LiteNewsUITests.release.xcconfig */;
			buildSettings = {
				ALWAYS_EMBED_SWIFT_STANDARD_LIBRARIES = YES;
				CODE_SIGN_STYLE = Automatic;
				DEVELOPMENT_TEAM = 3VL5UA77DJ;
				INFOPLIST_FILE = LiteNewsUITests/Info.plist;
				LD_RUNPATH_SEARCH_PATHS = (
					"$(inherited)",
					"@executable_path/Frameworks",
					"@loader_path/Frameworks",
				);
				PRODUCT_BUNDLE_IDENTIFIER = com.anugrahdev.LiteNewsUITests;
				PRODUCT_NAME = "$(TARGET_NAME)";
				SWIFT_VERSION = 5.0;
				TARGETED_DEVICE_FAMILY = "1,2";
				TEST_TARGET_NAME = LiteNews;
			};
			name = Release;
		};
/* End XCBuildConfiguration section */

/* Begin XCConfigurationList section */
		9CF92A5E26FB96D000CC6AE1 /* Build configuration list for PBXProject "LiteNews" */ = {
			isa = XCConfigurationList;
			buildConfigurations = (
				9CF92A8E26FB96D200CC6AE1 /* Debug */,
				9CF92A8F26FB96D200CC6AE1 /* Release */,
			);
			defaultConfigurationIsVisible = 0;
			defaultConfigurationName = Release;
		};
		9CF92A9026FB96D200CC6AE1 /* Build configuration list for PBXNativeTarget "LiteNews" */ = {
			isa = XCConfigurationList;
			buildConfigurations = (
				9CF92A9126FB96D200CC6AE1 /* Debug */,
				9CF92A9226FB96D200CC6AE1 /* Release */,
			);
			defaultConfigurationIsVisible = 0;
			defaultConfigurationName = Release;
		};
		9CF92A9326FB96D200CC6AE1 /* Build configuration list for PBXNativeTarget "LiteNewsTests" */ = {
			isa = XCConfigurationList;
			buildConfigurations = (
				9CF92A9426FB96D200CC6AE1 /* Debug */,
				9CF92A9526FB96D200CC6AE1 /* Release */,
			);
			defaultConfigurationIsVisible = 0;
			defaultConfigurationName = Release;
		};
		9CF92A9626FB96D200CC6AE1 /* Build configuration list for PBXNativeTarget "LiteNewsUITests" */ = {
			isa = XCConfigurationList;
			buildConfigurations = (
				9CF92A9726FB96D200CC6AE1 /* Debug */,
				9CF92A9826FB96D200CC6AE1 /* Release */,
			);
			defaultConfigurationIsVisible = 0;
			defaultConfigurationName = Release;
		};
/* End XCConfigurationList section */

/* Begin XCVersionGroup section */
		9CF92A6F26FB96D000CC6AE1 /* LiteNews.xcdatamodeld */ = {
			isa = XCVersionGroup;
			children = (
				9CF92A7026FB96D000CC6AE1 /* LiteNews.xcdatamodel */,
			);
			currentVersion = 9CF92A7026FB96D000CC6AE1 /* LiteNews.xcdatamodel */;
			path = LiteNews.xcdatamodeld;
			sourceTree = "<group>";
			versionGroupType = wrapper.xcdatamodel;
		};
/* End XCVersionGroup section */
	};
	rootObject = 9CF92A5B26FB96D000CC6AE1 /* Project object */;
}
